// !$*UTF8*$!
{
	archiveVersion = 1;
	classes = {
	};
	objectVersion = 77;
	objects = {

/* Begin PBXBuildFile section */
		557177232D229DD3007C81C0 /* RookBookCore.framework in Frameworks */ = {isa = PBXBuildFile; fileRef = 55AB57252D1AD26D0028A0F0 /* RookBookCore.framework */; };
		557177312D229E14007C81C0 /* RookBookCore.framework in Frameworks */ = {isa = PBXBuildFile; fileRef = 55AB57252D1AD26D0028A0F0 /* RookBookCore.framework */; };
		55AB572E2D1AD26D0028A0F0 /* RookBookCore.framework in Frameworks */ = {isa = PBXBuildFile; fileRef = 55AB57252D1AD26D0028A0F0 /* RookBookCore.framework */; };
		55AB67262D1C44B40028A0F0 /* RookBookIOS.framework in Frameworks */ = {isa = PBXBuildFile; fileRef = 55AB671E2D1C44B40028A0F0 /* RookBookIOS.framework */; };
		55AB6B152D1C46780028A0F0 /* RookBookCore.framework in Frameworks */ = {isa = PBXBuildFile; fileRef = 55AB57252D1AD26D0028A0F0 /* RookBookCore.framework */; platformFilter = ios; };
		55AB6B162D1C46780028A0F0 /* RookBookCore.framework in Embed Frameworks */ = {isa = PBXBuildFile; fileRef = 55AB57252D1AD26D0028A0F0 /* RookBookCore.framework */; platformFilter = ios; settings = {ATTRIBUTES = (CodeSignOnCopy, RemoveHeadersOnCopy, ); }; };
		55AB6CDD2D1C84500028A0F0 /* SnapShooter in Frameworks */ = {isa = PBXBuildFile; productRef = 55AB6CDC2D1C84500028A0F0 /* SnapShooter */; };
/* End PBXBuildFile section */

/* Begin PBXContainerItemProxy section */
		557177242D229DD3007C81C0 /* PBXContainerItemProxy */ = {
			isa = PBXContainerItemProxy;
			containerPortal = 55AB571C2D1AD26D0028A0F0 /* Project object */;
			proxyType = 1;
			remoteGlobalIDString = 55AB57242D1AD26D0028A0F0;
			remoteInfo = RookBookCore;
		};
		557177322D229E14007C81C0 /* PBXContainerItemProxy */ = {
			isa = PBXContainerItemProxy;
			containerPortal = 55AB571C2D1AD26D0028A0F0 /* Project object */;
			proxyType = 1;
			remoteGlobalIDString = 55AB57242D1AD26D0028A0F0;
			remoteInfo = RookBookCore;
		};
		55AB572F2D1AD26D0028A0F0 /* PBXContainerItemProxy */ = {
			isa = PBXContainerItemProxy;
			containerPortal = 55AB571C2D1AD26D0028A0F0 /* Project object */;
			proxyType = 1;
			remoteGlobalIDString = 55AB57242D1AD26D0028A0F0;
			remoteInfo = RookBookCore;
		};
		55AB67272D1C44B40028A0F0 /* PBXContainerItemProxy */ = {
			isa = PBXContainerItemProxy;
			containerPortal = 55AB571C2D1AD26D0028A0F0 /* Project object */;
			proxyType = 1;
			remoteGlobalIDString = 55AB671D2D1C44B40028A0F0;
			remoteInfo = RookBookIOS;
		};
		55AB6B172D1C46780028A0F0 /* PBXContainerItemProxy */ = {
			isa = PBXContainerItemProxy;
			containerPortal = 55AB571C2D1AD26D0028A0F0 /* Project object */;
			proxyType = 1;
			remoteGlobalIDString = 55AB57242D1AD26D0028A0F0;
			remoteInfo = RookBookCore;
		};
		55CE63F92D229E870096E210 /* PBXContainerItemProxy */ = {
			isa = PBXContainerItemProxy;
			containerPortal = 55AB571C2D1AD26D0028A0F0 /* Project object */;
			proxyType = 1;
			remoteGlobalIDString = 5571773A2D229E2C007C81C0;
			remoteInfo = RookBookCoreTestHostApp;
		};
		55CE63FB2D229EB40096E210 /* PBXContainerItemProxy */ = {
			isa = PBXContainerItemProxy;
			containerPortal = 55AB571C2D1AD26D0028A0F0 /* Project object */;
			proxyType = 1;
			remoteGlobalIDString = 5571773A2D229E2C007C81C0;
			remoteInfo = RookBookCoreTestHostApp;
		};
/* End PBXContainerItemProxy section */

/* Begin PBXCopyFilesBuildPhase section */
		55AB6B192D1C46780028A0F0 /* Embed Frameworks */ = {
			isa = PBXCopyFilesBuildPhase;
			buildActionMask = 2147483647;
			dstPath = "";
			dstSubfolderSpec = 10;
			files = (
				55AB6B162D1C46780028A0F0 /* RookBookCore.framework in Embed Frameworks */,
			);
			name = "Embed Frameworks";
			runOnlyForDeploymentPostprocessing = 0;
		};
/* End PBXCopyFilesBuildPhase section */

/* Begin PBXFileReference section */
		5571771F2D229DD3007C81C0 /* RookBookCoreEndToEndTests.xctest */ = {isa = PBXFileReference; explicitFileType = wrapper.cfbundle; includeInIndex = 0; path = RookBookCoreEndToEndTests.xctest; sourceTree = BUILT_PRODUCTS_DIR; };
		5571772D2D229E14007C81C0 /* RookBookCoreStoreIntegrationTests.xctest */ = {isa = PBXFileReference; explicitFileType = wrapper.cfbundle; includeInIndex = 0; path = RookBookCoreStoreIntegrationTests.xctest; sourceTree = BUILT_PRODUCTS_DIR; };
		5571773B2D229E2C007C81C0 /* RookBookCoreTestHostApp.app */ = {isa = PBXFileReference; explicitFileType = wrapper.application; includeInIndex = 0; path = RookBookCoreTestHostApp.app; sourceTree = BUILT_PRODUCTS_DIR; };
		55935D782D1D61BC005004D6 /* RookBookCore.xctestplan */ = {isa = PBXFileReference; lastKnownFileType = text; path = RookBookCore.xctestplan; sourceTree = "<group>"; };
		55AB57252D1AD26D0028A0F0 /* RookBookCore.framework */ = {isa = PBXFileReference; explicitFileType = wrapper.framework; includeInIndex = 0; path = RookBookCore.framework; sourceTree = BUILT_PRODUCTS_DIR; };
		55AB572D2D1AD26D0028A0F0 /* RookBookCoreTests.xctest */ = {isa = PBXFileReference; explicitFileType = wrapper.cfbundle; includeInIndex = 0; path = RookBookCoreTests.xctest; sourceTree = BUILT_PRODUCTS_DIR; };
		55AB671E2D1C44B40028A0F0 /* RookBookIOS.framework */ = {isa = PBXFileReference; explicitFileType = wrapper.framework; includeInIndex = 0; path = RookBookIOS.framework; sourceTree = BUILT_PRODUCTS_DIR; };
		55AB67252D1C44B40028A0F0 /* RookBookIOSTests.xctest */ = {isa = PBXFileReference; explicitFileType = wrapper.cfbundle; includeInIndex = 0; path = RookBookIOSTests.xctest; sourceTree = BUILT_PRODUCTS_DIR; };
		55AB6CDA2D1C80930028A0F0 /* RookBookIOS.xctestplan */ = {isa = PBXFileReference; lastKnownFileType = text; path = RookBookIOS.xctestplan; sourceTree = "<group>"; };
/* End PBXFileReference section */

/* Begin PBXFileSystemSynchronizedBuildFileExceptionSet section */
		55CE64082D229FC40096E210 /* Exceptions for "RookBookCoreTests" folder in "RookBookCoreEndToEndTests" target */ = {
			isa = PBXFileSystemSynchronizedBuildFileExceptionSet;
			membershipExceptions = (
				Features/Auth/Domain/MockTokenStore.swift,
				"TestHelpers/Extensions/XCTestCase+Expect.swift",
				"TestHelpers/Extensions/XCTestCase+MemoryLeakTracking.swift",
				"TestHelpers/Localization+TestHelpers.swift",
				TestHelpers/SharedHelpers.swift,
			);
			target = 5571771E2D229DD3007C81C0 /* RookBookCoreEndToEndTests */;
		};
		55CE64092D229FC40096E210 /* Exceptions for "RookBookCoreTests" folder in "RookBookCoreStoreIntegrationTests" target */ = {
			isa = PBXFileSystemSynchronizedBuildFileExceptionSet;
			membershipExceptions = (
				"TestHelpers/Extensions/XCTestCase+Expect.swift",
				"TestHelpers/Extensions/XCTestCase+MemoryLeakTracking.swift",
				"TestHelpers/Localization+TestHelpers.swift",
				TestHelpers/SharedHelpers.swift,
			);
			target = 5571772C2D229E14007C81C0 /* RookBookCoreStoreIntegrationTests */;
		};
/* End PBXFileSystemSynchronizedBuildFileExceptionSet section */

/* Begin PBXFileSystemSynchronizedRootGroup section */
		557177202D229DD3007C81C0 /* RookBookCoreEndToEndTests */ = {
			isa = PBXFileSystemSynchronizedRootGroup;
			path = RookBookCoreEndToEndTests;
			sourceTree = "<group>";
		};
		5571772E2D229E14007C81C0 /* RookBookCoreStoreIntegrationTests */ = {
			isa = PBXFileSystemSynchronizedRootGroup;
			path = RookBookCoreStoreIntegrationTests;
			sourceTree = "<group>";
		};
		5571773C2D229E2C007C81C0 /* RookBookCoreTestHostApp */ = {
			isa = PBXFileSystemSynchronizedRootGroup;
			path = RookBookCoreTestHostApp;
			sourceTree = "<group>";
		};
		55AB57272D1AD26D0028A0F0 /* RookBookCore */ = {
			isa = PBXFileSystemSynchronizedRootGroup;
			path = RookBookCore;
			sourceTree = "<group>";
		};
		55AB57312D1AD26D0028A0F0 /* RookBookCoreTests */ = {
			isa = PBXFileSystemSynchronizedRootGroup;
			exceptions = (
				55CE64082D229FC40096E210 /* Exceptions for "RookBookCoreTests" folder in "RookBookCoreEndToEndTests" target */,
				55CE64092D229FC40096E210 /* Exceptions for "RookBookCoreTests" folder in "RookBookCoreStoreIntegrationTests" target */,
			);
			path = RookBookCoreTests;
			sourceTree = "<group>";
		};
		55AB671F2D1C44B40028A0F0 /* RookBookIOS */ = {
			isa = PBXFileSystemSynchronizedRootGroup;
			path = RookBookIOS;
			sourceTree = "<group>";
		};
		55AB67292D1C44B40028A0F0 /* RookBookIOSTests */ = {
			isa = PBXFileSystemSynchronizedRootGroup;
			path = RookBookIOSTests;
			sourceTree = "<group>";
		};
/* End PBXFileSystemSynchronizedRootGroup section */

/* Begin PBXFrameworksBuildPhase section */
		5571771C2D229DD3007C81C0 /* Frameworks */ = {
			isa = PBXFrameworksBuildPhase;
			buildActionMask = 2147483647;
			files = (
				557177232D229DD3007C81C0 /* RookBookCore.framework in Frameworks */,
			);
			runOnlyForDeploymentPostprocessing = 0;
		};
		5571772A2D229E14007C81C0 /* Frameworks */ = {
			isa = PBXFrameworksBuildPhase;
			buildActionMask = 2147483647;
			files = (
				557177312D229E14007C81C0 /* RookBookCore.framework in Frameworks */,
			);
			runOnlyForDeploymentPostprocessing = 0;
		};
		557177382D229E2C007C81C0 /* Frameworks */ = {
			isa = PBXFrameworksBuildPhase;
			buildActionMask = 2147483647;
			files = (
			);
			runOnlyForDeploymentPostprocessing = 0;
		};
		55AB57222D1AD26D0028A0F0 /* Frameworks */ = {
			isa = PBXFrameworksBuildPhase;
			buildActionMask = 2147483647;
			files = (
			);
			runOnlyForDeploymentPostprocessing = 0;
		};
		55AB572A2D1AD26D0028A0F0 /* Frameworks */ = {
			isa = PBXFrameworksBuildPhase;
			buildActionMask = 2147483647;
			files = (
				55AB572E2D1AD26D0028A0F0 /* RookBookCore.framework in Frameworks */,
			);
			runOnlyForDeploymentPostprocessing = 0;
		};
		55AB671B2D1C44B40028A0F0 /* Frameworks */ = {
			isa = PBXFrameworksBuildPhase;
			buildActionMask = 2147483647;
			files = (
				55AB6B152D1C46780028A0F0 /* RookBookCore.framework in Frameworks */,
			);
			runOnlyForDeploymentPostprocessing = 0;
		};
		55AB67222D1C44B40028A0F0 /* Frameworks */ = {
			isa = PBXFrameworksBuildPhase;
			buildActionMask = 2147483647;
			files = (
				55AB67262D1C44B40028A0F0 /* RookBookIOS.framework in Frameworks */,
				55AB6CDD2D1C84500028A0F0 /* SnapShooter in Frameworks */,
			);
			runOnlyForDeploymentPostprocessing = 0;
		};
/* End PBXFrameworksBuildPhase section */

/* Begin PBXGroup section */
		55AB571B2D1AD26D0028A0F0 = {
			isa = PBXGroup;
			children = (
				55935D782D1D61BC005004D6 /* RookBookCore.xctestplan */,
				55AB6CDA2D1C80930028A0F0 /* RookBookIOS.xctestplan */,
				55AB57272D1AD26D0028A0F0 /* RookBookCore */,
				55AB57312D1AD26D0028A0F0 /* RookBookCoreTests */,
				55AB671F2D1C44B40028A0F0 /* RookBookIOS */,
				55AB67292D1C44B40028A0F0 /* RookBookIOSTests */,
				557177202D229DD3007C81C0 /* RookBookCoreEndToEndTests */,
				5571772E2D229E14007C81C0 /* RookBookCoreStoreIntegrationTests */,
				5571773C2D229E2C007C81C0 /* RookBookCoreTestHostApp */,
				55AB6B142D1C46780028A0F0 /* Frameworks */,
				55AB57262D1AD26D0028A0F0 /* Products */,
			);
			sourceTree = "<group>";
		};
		55AB57262D1AD26D0028A0F0 /* Products */ = {
			isa = PBXGroup;
			children = (
				55AB57252D1AD26D0028A0F0 /* RookBookCore.framework */,
				55AB572D2D1AD26D0028A0F0 /* RookBookCoreTests.xctest */,
				55AB671E2D1C44B40028A0F0 /* RookBookIOS.framework */,
				55AB67252D1C44B40028A0F0 /* RookBookIOSTests.xctest */,
				5571771F2D229DD3007C81C0 /* RookBookCoreEndToEndTests.xctest */,
				5571772D2D229E14007C81C0 /* RookBookCoreStoreIntegrationTests.xctest */,
				5571773B2D229E2C007C81C0 /* RookBookCoreTestHostApp.app */,
			);
			name = Products;
			sourceTree = "<group>";
		};
		55AB6B142D1C46780028A0F0 /* Frameworks */ = {
			isa = PBXGroup;
			children = (
			);
			name = Frameworks;
			sourceTree = "<group>";
		};
/* End PBXGroup section */

/* Begin PBXHeadersBuildPhase section */
		55AB57202D1AD26D0028A0F0 /* Headers */ = {
			isa = PBXHeadersBuildPhase;
			buildActionMask = 2147483647;
			files = (
			);
			runOnlyForDeploymentPostprocessing = 0;
		};
		55AB67192D1C44B40028A0F0 /* Headers */ = {
			isa = PBXHeadersBuildPhase;
			buildActionMask = 2147483647;
			files = (
			);
			runOnlyForDeploymentPostprocessing = 0;
		};
/* End PBXHeadersBuildPhase section */

/* Begin PBXNativeTarget section */
		5571771E2D229DD3007C81C0 /* RookBookCoreEndToEndTests */ = {
			isa = PBXNativeTarget;
			buildConfigurationList = 557177282D229DD3007C81C0 /* Build configuration list for PBXNativeTarget "RookBookCoreEndToEndTests" */;
			buildPhases = (
				5571771B2D229DD3007C81C0 /* Sources */,
				5571771C2D229DD3007C81C0 /* Frameworks */,
				5571771D2D229DD3007C81C0 /* Resources */,
			);
			buildRules = (
			);
			dependencies = (
				557177252D229DD3007C81C0 /* PBXTargetDependency */,
			);
			fileSystemSynchronizedGroups = (
				557177202D229DD3007C81C0 /* RookBookCoreEndToEndTests */,
			);
			name = RookBookCoreEndToEndTests;
			packageProductDependencies = (
			);
			productName = RookBookCoreEndToEndTests;
			productReference = 5571771F2D229DD3007C81C0 /* RookBookCoreEndToEndTests.xctest */;
			productType = "com.apple.product-type.bundle.unit-test";
		};
		5571772C2D229E14007C81C0 /* RookBookCoreStoreIntegrationTests */ = {
			isa = PBXNativeTarget;
			buildConfigurationList = 557177342D229E14007C81C0 /* Build configuration list for PBXNativeTarget "RookBookCoreStoreIntegrationTests" */;
			buildPhases = (
				557177292D229E14007C81C0 /* Sources */,
				5571772A2D229E14007C81C0 /* Frameworks */,
				5571772B2D229E14007C81C0 /* Resources */,
			);
			buildRules = (
			);
			dependencies = (
				557177332D229E14007C81C0 /* PBXTargetDependency */,
				55CE63FA2D229E870096E210 /* PBXTargetDependency */,
			);
			fileSystemSynchronizedGroups = (
				5571772E2D229E14007C81C0 /* RookBookCoreStoreIntegrationTests */,
			);
			name = RookBookCoreStoreIntegrationTests;
			packageProductDependencies = (
			);
			productName = RookBookCoreStoreIntegrationTests;
			productReference = 5571772D2D229E14007C81C0 /* RookBookCoreStoreIntegrationTests.xctest */;
			productType = "com.apple.product-type.bundle.unit-test";
		};
		5571773A2D229E2C007C81C0 /* RookBookCoreTestHostApp */ = {
			isa = PBXNativeTarget;
			buildConfigurationList = 5571775D2D229E2D007C81C0 /* Build configuration list for PBXNativeTarget "RookBookCoreTestHostApp" */;
			buildPhases = (
				557177372D229E2C007C81C0 /* Sources */,
				557177382D229E2C007C81C0 /* Frameworks */,
				557177392D229E2C007C81C0 /* Resources */,
			);
			buildRules = (
			);
			dependencies = (
			);
			fileSystemSynchronizedGroups = (
				5571773C2D229E2C007C81C0 /* RookBookCoreTestHostApp */,
			);
			name = RookBookCoreTestHostApp;
			packageProductDependencies = (
			);
			productName = RookBookCoreTestHostApp;
			productReference = 5571773B2D229E2C007C81C0 /* RookBookCoreTestHostApp.app */;
			productType = "com.apple.product-type.application";
		};
		55AB57242D1AD26D0028A0F0 /* RookBookCore */ = {
			isa = PBXNativeTarget;
			buildConfigurationList = 55AB57362D1AD26D0028A0F0 /* Build configuration list for PBXNativeTarget "RookBookCore" */;
			buildPhases = (
				55AB57202D1AD26D0028A0F0 /* Headers */,
				55AB57212D1AD26D0028A0F0 /* Sources */,
				55AB57222D1AD26D0028A0F0 /* Frameworks */,
				55AB57232D1AD26D0028A0F0 /* Resources */,
				55AB573F2D1AD39B0028A0F0 /* Swift Lint */,
				55AB5B122D1AD4E30028A0F0 /* Swift Format */,
			);
			buildRules = (
			);
			dependencies = (
			);
			fileSystemSynchronizedGroups = (
				55AB57272D1AD26D0028A0F0 /* RookBookCore */,
			);
			name = RookBookCore;
			packageProductDependencies = (
			);
			productName = RookBookCore;
			productReference = 55AB57252D1AD26D0028A0F0 /* RookBookCore.framework */;
			productType = "com.apple.product-type.framework";
		};
		55AB572C2D1AD26D0028A0F0 /* RookBookCoreTests */ = {
			isa = PBXNativeTarget;
			buildConfigurationList = 55AB573B2D1AD26D0028A0F0 /* Build configuration list for PBXNativeTarget "RookBookCoreTests" */;
			buildPhases = (
				55AB57292D1AD26D0028A0F0 /* Sources */,
				55AB572A2D1AD26D0028A0F0 /* Frameworks */,
				55AB572B2D1AD26D0028A0F0 /* Resources */,
			);
			buildRules = (
			);
			dependencies = (
				55AB57302D1AD26D0028A0F0 /* PBXTargetDependency */,
				55CE63FC2D229EB40096E210 /* PBXTargetDependency */,
			);
			fileSystemSynchronizedGroups = (
				55AB57312D1AD26D0028A0F0 /* RookBookCoreTests */,
			);
			name = RookBookCoreTests;
			packageProductDependencies = (
			);
			productName = RookBookCoreTests;
			productReference = 55AB572D2D1AD26D0028A0F0 /* RookBookCoreTests.xctest */;
			productType = "com.apple.product-type.bundle.unit-test";
		};
		55AB671D2D1C44B40028A0F0 /* RookBookIOS */ = {
			isa = PBXNativeTarget;
			buildConfigurationList = 55AB67322D1C44B40028A0F0 /* Build configuration list for PBXNativeTarget "RookBookIOS" */;
			buildPhases = (
				55AB67192D1C44B40028A0F0 /* Headers */,
				55AB671A2D1C44B40028A0F0 /* Sources */,
				55AB671B2D1C44B40028A0F0 /* Frameworks */,
				55AB671C2D1C44B40028A0F0 /* Resources */,
				55AB6B192D1C46780028A0F0 /* Embed Frameworks */,
			);
			buildRules = (
			);
			dependencies = (
				55AB6B182D1C46780028A0F0 /* PBXTargetDependency */,
			);
			fileSystemSynchronizedGroups = (
				55AB671F2D1C44B40028A0F0 /* RookBookIOS */,
			);
			name = RookBookIOS;
			packageProductDependencies = (
			);
			productName = RookBookIOS;
			productReference = 55AB671E2D1C44B40028A0F0 /* RookBookIOS.framework */;
			productType = "com.apple.product-type.framework";
		};
		55AB67242D1C44B40028A0F0 /* RookBookIOSTests */ = {
			isa = PBXNativeTarget;
			buildConfigurationList = 55AB67332D1C44B40028A0F0 /* Build configuration list for PBXNativeTarget "RookBookIOSTests" */;
			buildPhases = (
				55AB67212D1C44B40028A0F0 /* Sources */,
				55AB67222D1C44B40028A0F0 /* Frameworks */,
				55AB67232D1C44B40028A0F0 /* Resources */,
			);
			buildRules = (
			);
			dependencies = (
				55AB67282D1C44B40028A0F0 /* PBXTargetDependency */,
			);
			fileSystemSynchronizedGroups = (
				55AB67292D1C44B40028A0F0 /* RookBookIOSTests */,
			);
			name = RookBookIOSTests;
			packageProductDependencies = (
				55AB6CDC2D1C84500028A0F0 /* SnapShooter */,
			);
			productName = RookBookIOSTests;
			productReference = 55AB67252D1C44B40028A0F0 /* RookBookIOSTests.xctest */;
			productType = "com.apple.product-type.bundle.unit-test";
		};
/* End PBXNativeTarget section */

/* Begin PBXProject section */
		55AB571C2D1AD26D0028A0F0 /* Project object */ = {
			isa = PBXProject;
			attributes = {
				BuildIndependentTargetsInParallel = 1;
				LastSwiftUpdateCheck = 1600;
				LastUpgradeCheck = 1600;
				TargetAttributes = {
					5571771E2D229DD3007C81C0 = {
						CreatedOnToolsVersion = 16.0;
					};
					5571772C2D229E14007C81C0 = {
						CreatedOnToolsVersion = 16.0;
						TestTargetID = 5571773A2D229E2C007C81C0;
					};
					5571773A2D229E2C007C81C0 = {
						CreatedOnToolsVersion = 16.0;
					};
					55AB57242D1AD26D0028A0F0 = {
						CreatedOnToolsVersion = 16.0;
						LastSwiftMigration = 1600;
					};
					55AB572C2D1AD26D0028A0F0 = {
						CreatedOnToolsVersion = 16.0;
						LastSwiftMigration = 1600;
					};
					55AB671D2D1C44B40028A0F0 = {
						CreatedOnToolsVersion = 16.0;
						LastSwiftMigration = 1600;
					};
					55AB67242D1C44B40028A0F0 = {
						CreatedOnToolsVersion = 16.0;
						LastSwiftMigration = 1600;
					};
				};
			};
			buildConfigurationList = 55AB571F2D1AD26D0028A0F0 /* Build configuration list for PBXProject "RookBookCore" */;
			developmentRegion = en;
			hasScannedForEncodings = 0;
			knownRegions = (
				en,
				Base,
				tr,
			);
			mainGroup = 55AB571B2D1AD26D0028A0F0;
			minimizedProjectReferenceProxies = 1;
			packageReferences = (
				55AB6CDB2D1C84500028A0F0 /* XCRemoteSwiftPackageReference "SnapShooter" */,
			);
			preferredProjectObjectVersion = 77;
			productRefGroup = 55AB57262D1AD26D0028A0F0 /* Products */;
			projectDirPath = "";
			projectRoot = "";
			targets = (
				55AB57242D1AD26D0028A0F0 /* RookBookCore */,
				55AB572C2D1AD26D0028A0F0 /* RookBookCoreTests */,
				55AB671D2D1C44B40028A0F0 /* RookBookIOS */,
				55AB67242D1C44B40028A0F0 /* RookBookIOSTests */,
				5571771E2D229DD3007C81C0 /* RookBookCoreEndToEndTests */,
				5571772C2D229E14007C81C0 /* RookBookCoreStoreIntegrationTests */,
				5571773A2D229E2C007C81C0 /* RookBookCoreTestHostApp */,
			);
		};
/* End PBXProject section */

/* Begin PBXResourcesBuildPhase section */
		5571771D2D229DD3007C81C0 /* Resources */ = {
			isa = PBXResourcesBuildPhase;
			buildActionMask = 2147483647;
			files = (
			);
			runOnlyForDeploymentPostprocessing = 0;
		};
		5571772B2D229E14007C81C0 /* Resources */ = {
			isa = PBXResourcesBuildPhase;
			buildActionMask = 2147483647;
			files = (
			);
			runOnlyForDeploymentPostprocessing = 0;
		};
		557177392D229E2C007C81C0 /* Resources */ = {
			isa = PBXResourcesBuildPhase;
			buildActionMask = 2147483647;
			files = (
			);
			runOnlyForDeploymentPostprocessing = 0;
		};
		55AB57232D1AD26D0028A0F0 /* Resources */ = {
			isa = PBXResourcesBuildPhase;
			buildActionMask = 2147483647;
			files = (
			);
			runOnlyForDeploymentPostprocessing = 0;
		};
		55AB572B2D1AD26D0028A0F0 /* Resources */ = {
			isa = PBXResourcesBuildPhase;
			buildActionMask = 2147483647;
			files = (
			);
			runOnlyForDeploymentPostprocessing = 0;
		};
		55AB671C2D1C44B40028A0F0 /* Resources */ = {
			isa = PBXResourcesBuildPhase;
			buildActionMask = 2147483647;
			files = (
			);
			runOnlyForDeploymentPostprocessing = 0;
		};
		55AB67232D1C44B40028A0F0 /* Resources */ = {
			isa = PBXResourcesBuildPhase;
			buildActionMask = 2147483647;
			files = (
			);
			runOnlyForDeploymentPostprocessing = 0;
		};
/* End PBXResourcesBuildPhase section */

/* Begin PBXShellScriptBuildPhase section */
		55AB573F2D1AD39B0028A0F0 /* Swift Lint */ = {
			isa = PBXShellScriptBuildPhase;
			alwaysOutOfDate = 1;
			buildActionMask = 2147483647;
			files = (
			);
			inputFileListPaths = (
			);
			inputPaths = (
			);
			name = "Swift Lint";
			outputFileListPaths = (
			);
			outputPaths = (
			);
			runOnlyForDeploymentPostprocessing = 0;
			shellPath = /bin/sh;
			shellScript = "if [[ \"$(uname -m)\" == arm64 ]]; then\n    export PATH=\"/opt/homebrew/bin:$PATH\"\nfi\n\nif which swiftlint >/dev/null; then\n  swiftlint lint --config ../.swiftlint.yml ..\nelse\n  echo \"warning: SwiftLint not installed, download from https://github.com/realm/SwiftLint\"\nfi\n\n";
		};
		55AB5B122D1AD4E30028A0F0 /* Swift Format */ = {
			isa = PBXShellScriptBuildPhase;
			alwaysOutOfDate = 1;
			buildActionMask = 2147483647;
			files = (
			);
			inputFileListPaths = (
			);
			inputPaths = (
			);
			name = "Swift Format";
			outputFileListPaths = (
			);
			outputPaths = (
			);
			runOnlyForDeploymentPostprocessing = 0;
			shellPath = /bin/sh;
			shellScript = "export PATH=\"/opt/homebrew/bin:$PATH\"\n\nif which swiftformat > /dev/null; then\n  swiftformat ..\nelse\n  echo \"warning: SwiftFormat not installed, download from https://github.com/realm/SwiftLint\"\nfi\n";
		};
/* End PBXShellScriptBuildPhase section */

/* Begin PBXSourcesBuildPhase section */
		5571771B2D229DD3007C81C0 /* Sources */ = {
			isa = PBXSourcesBuildPhase;
			buildActionMask = 2147483647;
			files = (
			);
			runOnlyForDeploymentPostprocessing = 0;
		};
		557177292D229E14007C81C0 /* Sources */ = {
			isa = PBXSourcesBuildPhase;
			buildActionMask = 2147483647;
			files = (
			);
			runOnlyForDeploymentPostprocessing = 0;
		};
		557177372D229E2C007C81C0 /* Sources */ = {
			isa = PBXSourcesBuildPhase;
			buildActionMask = 2147483647;
			files = (
			);
			runOnlyForDeploymentPostprocessing = 0;
		};
		55AB57212D1AD26D0028A0F0 /* Sources */ = {
			isa = PBXSourcesBuildPhase;
			buildActionMask = 2147483647;
			files = (
			);
			runOnlyForDeploymentPostprocessing = 0;
		};
		55AB57292D1AD26D0028A0F0 /* Sources */ = {
			isa = PBXSourcesBuildPhase;
			buildActionMask = 2147483647;
			files = (
			);
			runOnlyForDeploymentPostprocessing = 0;
		};
		55AB671A2D1C44B40028A0F0 /* Sources */ = {
			isa = PBXSourcesBuildPhase;
			buildActionMask = 2147483647;
			files = (
			);
			runOnlyForDeploymentPostprocessing = 0;
		};
		55AB67212D1C44B40028A0F0 /* Sources */ = {
			isa = PBXSourcesBuildPhase;
			buildActionMask = 2147483647;
			files = (
			);
			runOnlyForDeploymentPostprocessing = 0;
		};
/* End PBXSourcesBuildPhase section */

/* Begin PBXTargetDependency section */
		557177252D229DD3007C81C0 /* PBXTargetDependency */ = {
			isa = PBXTargetDependency;
			target = 55AB57242D1AD26D0028A0F0 /* RookBookCore */;
			targetProxy = 557177242D229DD3007C81C0 /* PBXContainerItemProxy */;
		};
		557177332D229E14007C81C0 /* PBXTargetDependency */ = {
			isa = PBXTargetDependency;
			target = 55AB57242D1AD26D0028A0F0 /* RookBookCore */;
			targetProxy = 557177322D229E14007C81C0 /* PBXContainerItemProxy */;
		};
		55AB57302D1AD26D0028A0F0 /* PBXTargetDependency */ = {
			isa = PBXTargetDependency;
			target = 55AB57242D1AD26D0028A0F0 /* RookBookCore */;
			targetProxy = 55AB572F2D1AD26D0028A0F0 /* PBXContainerItemProxy */;
		};
		55AB67282D1C44B40028A0F0 /* PBXTargetDependency */ = {
			isa = PBXTargetDependency;
			target = 55AB671D2D1C44B40028A0F0 /* RookBookIOS */;
			targetProxy = 55AB67272D1C44B40028A0F0 /* PBXContainerItemProxy */;
		};
		55AB6B182D1C46780028A0F0 /* PBXTargetDependency */ = {
			isa = PBXTargetDependency;
			platformFilter = ios;
			target = 55AB57242D1AD26D0028A0F0 /* RookBookCore */;
			targetProxy = 55AB6B172D1C46780028A0F0 /* PBXContainerItemProxy */;
		};
		55CE63FA2D229E870096E210 /* PBXTargetDependency */ = {
			isa = PBXTargetDependency;
			target = 5571773A2D229E2C007C81C0 /* RookBookCoreTestHostApp */;
			targetProxy = 55CE63F92D229E870096E210 /* PBXContainerItemProxy */;
		};
		55CE63FC2D229EB40096E210 /* PBXTargetDependency */ = {
			isa = PBXTargetDependency;
			target = 5571773A2D229E2C007C81C0 /* RookBookCoreTestHostApp */;
			targetProxy = 55CE63FB2D229EB40096E210 /* PBXContainerItemProxy */;
		};
/* End PBXTargetDependency section */

/* Begin XCBuildConfiguration section */
		557177262D229DD3007C81C0 /* Debug */ = {
			isa = XCBuildConfiguration;
			buildSettings = {
				CODE_SIGN_STYLE = Automatic;
				CURRENT_PROJECT_VERSION = 1;
				DEVELOPMENT_TEAM = Q9ARVAPAG3;
				GENERATE_INFOPLIST_FILE = YES;
				IPHONEOS_DEPLOYMENT_TARGET = 13.0;
				MACOSX_DEPLOYMENT_TARGET = 11.0;
				MARKETING_VERSION = 1.0;
				PRODUCT_BUNDLE_IDENTIFIER = com.mkg.RookBookCoreEndToEndTests;
				PRODUCT_NAME = "$(TARGET_NAME)";
				SDKROOT = auto;
				SUPPORTED_PLATFORMS = "iphoneos iphonesimulator macosx xros xrsimulator";
				SWIFT_EMIT_LOC_STRINGS = NO;
				SWIFT_VERSION = 5.0;
				TARGETED_DEVICE_FAMILY = "1,2,7";
				XROS_DEPLOYMENT_TARGET = 2.0;
			};
			name = Debug;
		};
		557177272D229DD3007C81C0 /* Release */ = {
			isa = XCBuildConfiguration;
			buildSettings = {
				CODE_SIGN_STYLE = Automatic;
				CURRENT_PROJECT_VERSION = 1;
				DEVELOPMENT_TEAM = Q9ARVAPAG3;
				GENERATE_INFOPLIST_FILE = YES;
				IPHONEOS_DEPLOYMENT_TARGET = 13.0;
				MACOSX_DEPLOYMENT_TARGET = 11.0;
				MARKETING_VERSION = 1.0;
				PRODUCT_BUNDLE_IDENTIFIER = com.mkg.RookBookCoreEndToEndTests;
				PRODUCT_NAME = "$(TARGET_NAME)";
				SDKROOT = auto;
				SUPPORTED_PLATFORMS = "iphoneos iphonesimulator macosx xros xrsimulator";
				SWIFT_EMIT_LOC_STRINGS = NO;
				SWIFT_VERSION = 5.0;
				TARGETED_DEVICE_FAMILY = "1,2,7";
				XROS_DEPLOYMENT_TARGET = 2.0;
			};
			name = Release;
		};
		557177352D229E14007C81C0 /* Debug */ = {
			isa = XCBuildConfiguration;
			buildSettings = {
				CODE_SIGN_STYLE = Automatic;
				CURRENT_PROJECT_VERSION = 1;
				DEVELOPMENT_TEAM = Q9ARVAPAG3;
				GENERATE_INFOPLIST_FILE = YES;
				IPHONEOS_DEPLOYMENT_TARGET = 13.0;
				MACOSX_DEPLOYMENT_TARGET = 11.0;
				MARKETING_VERSION = 1.0;
				PRODUCT_BUNDLE_IDENTIFIER = com.mkg.RookBookCoreStoreIntegrationTests;
				PRODUCT_NAME = "$(TARGET_NAME)";
				SDKROOT = auto;
				SUPPORTED_PLATFORMS = "iphoneos iphonesimulator macosx xros xrsimulator";
				SWIFT_EMIT_LOC_STRINGS = NO;
				SWIFT_VERSION = 5.0;
				TARGETED_DEVICE_FAMILY = "1,2,7";
				TEST_HOST = "$(BUILT_PRODUCTS_DIR)/RookBookCoreTestHostApp.app/$(BUNDLE_EXECUTABLE_FOLDER_PATH)/RookBookCoreTestHostApp";
				XROS_DEPLOYMENT_TARGET = 2.0;
			};
			name = Debug;
		};
		557177362D229E14007C81C0 /* Release */ = {
			isa = XCBuildConfiguration;
			buildSettings = {
				CODE_SIGN_STYLE = Automatic;
				CURRENT_PROJECT_VERSION = 1;
				DEVELOPMENT_TEAM = Q9ARVAPAG3;
				GENERATE_INFOPLIST_FILE = YES;
				IPHONEOS_DEPLOYMENT_TARGET = 13.0;
				MACOSX_DEPLOYMENT_TARGET = 11.0;
				MARKETING_VERSION = 1.0;
				PRODUCT_BUNDLE_IDENTIFIER = com.mkg.RookBookCoreStoreIntegrationTests;
				PRODUCT_NAME = "$(TARGET_NAME)";
				SDKROOT = auto;
				SUPPORTED_PLATFORMS = "iphoneos iphonesimulator macosx xros xrsimulator";
				SWIFT_EMIT_LOC_STRINGS = NO;
				SWIFT_VERSION = 5.0;
				TARGETED_DEVICE_FAMILY = "1,2,7";
				TEST_HOST = "$(BUILT_PRODUCTS_DIR)/RookBookCoreTestHostApp.app/$(BUNDLE_EXECUTABLE_FOLDER_PATH)/RookBookCoreTestHostApp";
				XROS_DEPLOYMENT_TARGET = 2.0;
			};
			name = Release;
		};
		5571775E2D229E2D007C81C0 /* Debug */ = {
			isa = XCBuildConfiguration;
			buildSettings = {
				ASSETCATALOG_COMPILER_APPICON_NAME = AppIcon;
				ASSETCATALOG_COMPILER_GLOBAL_ACCENT_COLOR_NAME = AccentColor;
				CODE_SIGN_ENTITLEMENTS = RookBookCoreTestHostApp/RookBookCoreTestHostApp.entitlements;
				CODE_SIGN_STYLE = Automatic;
				CURRENT_PROJECT_VERSION = 1;
				DEVELOPMENT_TEAM = Q9ARVAPAG3;
				ENABLE_HARDENED_RUNTIME = YES;
				ENABLE_PREVIEWS = YES;
				GENERATE_INFOPLIST_FILE = YES;
				"INFOPLIST_KEY_UIApplicationSceneManifest_Generation[sdk=iphoneos*]" = YES;
				"INFOPLIST_KEY_UIApplicationSceneManifest_Generation[sdk=iphonesimulator*]" = YES;
				"INFOPLIST_KEY_UIApplicationSupportsIndirectInputEvents[sdk=iphoneos*]" = YES;
				"INFOPLIST_KEY_UIApplicationSupportsIndirectInputEvents[sdk=iphonesimulator*]" = YES;
				"INFOPLIST_KEY_UILaunchScreen_Generation[sdk=iphoneos*]" = YES;
				"INFOPLIST_KEY_UILaunchScreen_Generation[sdk=iphonesimulator*]" = YES;
				"INFOPLIST_KEY_UIStatusBarStyle[sdk=iphoneos*]" = UIStatusBarStyleDefault;
				"INFOPLIST_KEY_UIStatusBarStyle[sdk=iphonesimulator*]" = UIStatusBarStyleDefault;
				INFOPLIST_KEY_UISupportedInterfaceOrientations_iPad = "UIInterfaceOrientationPortrait UIInterfaceOrientationPortraitUpsideDown UIInterfaceOrientationLandscapeLeft UIInterfaceOrientationLandscapeRight";
				INFOPLIST_KEY_UISupportedInterfaceOrientations_iPhone = "UIInterfaceOrientationPortrait UIInterfaceOrientationLandscapeLeft UIInterfaceOrientationLandscapeRight";
				IPHONEOS_DEPLOYMENT_TARGET = 13.0;
				LD_RUNPATH_SEARCH_PATHS = "@executable_path/Frameworks";
				"LD_RUNPATH_SEARCH_PATHS[sdk=macosx*]" = "@executable_path/../Frameworks";
				MACOSX_DEPLOYMENT_TARGET = 11.0;
				MARKETING_VERSION = 1.0;
				PRODUCT_BUNDLE_IDENTIFIER = com.mkg.RookBookCoreTestHostApp;
				PRODUCT_NAME = "$(TARGET_NAME)";
				SDKROOT = auto;
				SUPPORTED_PLATFORMS = "iphoneos iphonesimulator macosx xros xrsimulator";
				SWIFT_EMIT_LOC_STRINGS = YES;
				SWIFT_VERSION = 5.0;
				TARGETED_DEVICE_FAMILY = "1,2,7";
				XROS_DEPLOYMENT_TARGET = 2.0;
			};
			name = Debug;
		};
		5571775F2D229E2D007C81C0 /* Release */ = {
			isa = XCBuildConfiguration;
			buildSettings = {
				ASSETCATALOG_COMPILER_APPICON_NAME = AppIcon;
				ASSETCATALOG_COMPILER_GLOBAL_ACCENT_COLOR_NAME = AccentColor;
				CODE_SIGN_ENTITLEMENTS = RookBookCoreTestHostApp/RookBookCoreTestHostApp.entitlements;
				CODE_SIGN_STYLE = Automatic;
				CURRENT_PROJECT_VERSION = 1;
				DEVELOPMENT_TEAM = Q9ARVAPAG3;
				ENABLE_HARDENED_RUNTIME = YES;
				ENABLE_PREVIEWS = YES;
				GENERATE_INFOPLIST_FILE = YES;
				"INFOPLIST_KEY_UIApplicationSceneManifest_Generation[sdk=iphoneos*]" = YES;
				"INFOPLIST_KEY_UIApplicationSceneManifest_Generation[sdk=iphonesimulator*]" = YES;
				"INFOPLIST_KEY_UIApplicationSupportsIndirectInputEvents[sdk=iphoneos*]" = YES;
				"INFOPLIST_KEY_UIApplicationSupportsIndirectInputEvents[sdk=iphonesimulator*]" = YES;
				"INFOPLIST_KEY_UILaunchScreen_Generation[sdk=iphoneos*]" = YES;
				"INFOPLIST_KEY_UILaunchScreen_Generation[sdk=iphonesimulator*]" = YES;
				"INFOPLIST_KEY_UIStatusBarStyle[sdk=iphoneos*]" = UIStatusBarStyleDefault;
				"INFOPLIST_KEY_UIStatusBarStyle[sdk=iphonesimulator*]" = UIStatusBarStyleDefault;
				INFOPLIST_KEY_UISupportedInterfaceOrientations_iPad = "UIInterfaceOrientationPortrait UIInterfaceOrientationPortraitUpsideDown UIInterfaceOrientationLandscapeLeft UIInterfaceOrientationLandscapeRight";
				INFOPLIST_KEY_UISupportedInterfaceOrientations_iPhone = "UIInterfaceOrientationPortrait UIInterfaceOrientationLandscapeLeft UIInterfaceOrientationLandscapeRight";
				IPHONEOS_DEPLOYMENT_TARGET = 13.0;
				LD_RUNPATH_SEARCH_PATHS = "@executable_path/Frameworks";
				"LD_RUNPATH_SEARCH_PATHS[sdk=macosx*]" = "@executable_path/../Frameworks";
				MACOSX_DEPLOYMENT_TARGET = 11.0;
				MARKETING_VERSION = 1.0;
				PRODUCT_BUNDLE_IDENTIFIER = com.mkg.RookBookCoreTestHostApp;
				PRODUCT_NAME = "$(TARGET_NAME)";
				SDKROOT = auto;
				SUPPORTED_PLATFORMS = "iphoneos iphonesimulator macosx xros xrsimulator";
				SWIFT_EMIT_LOC_STRINGS = YES;
				SWIFT_VERSION = 5.0;
				TARGETED_DEVICE_FAMILY = "1,2,7";
				XROS_DEPLOYMENT_TARGET = 2.0;
			};
			name = Release;
		};
		55AB57372D1AD26D0028A0F0 /* Debug */ = {
			isa = XCBuildConfiguration;
			buildSettings = {
				ALLOW_TARGET_PLATFORM_SPECIALIZATION = YES;
				BUILD_LIBRARY_FOR_DISTRIBUTION = YES;
				CLANG_ENABLE_MODULES = YES;
				CODE_SIGN_STYLE = Automatic;
				CURRENT_PROJECT_VERSION = 1;
				DEFINES_MODULE = NO;
				DEVELOPMENT_TEAM = Q9ARVAPAG3;
				DYLIB_COMPATIBILITY_VERSION = 1;
				DYLIB_CURRENT_VERSION = 1;
				DYLIB_INSTALL_NAME_BASE = "@rpath";
				ENABLE_MODULE_VERIFIER = YES;
				ENABLE_USER_SCRIPT_SANDBOXING = NO;
				GENERATE_INFOPLIST_FILE = YES;
				INFOPLIST_KEY_NSHumanReadableCopyright = "";
				INSTALL_PATH = "$(LOCAL_LIBRARY_DIR)/Frameworks";
				IPHONEOS_DEPLOYMENT_TARGET = 13.0;
				LD_RUNPATH_SEARCH_PATHS = (
					"@executable_path/Frameworks",
					"@loader_path/Frameworks",
				);
				"LD_RUNPATH_SEARCH_PATHS[sdk=macosx*]" = (
					"@executable_path/../Frameworks",
					"@loader_path/Frameworks",
				);
				MACOSX_DEPLOYMENT_TARGET = 11.0;
				MARKETING_VERSION = 1.0;
				MODULE_VERIFIER_SUPPORTED_LANGUAGES = "objective-c objective-c++";
				MODULE_VERIFIER_SUPPORTED_LANGUAGE_STANDARDS = "gnu17 gnu++20";
				PRODUCT_BUNDLE_IDENTIFIER = com.mkg.RookBookCore;
				PRODUCT_NAME = "$(TARGET_NAME:c99extidentifier)";
				SDKROOT = auto;
				SKIP_INSTALL = YES;
				SUPPORTED_PLATFORMS = "appletvos appletvsimulator iphoneos iphonesimulator macosx watchos watchsimulator xros xrsimulator";
				SUPPORTS_MACCATALYST = NO;
				SWIFT_EMIT_LOC_STRINGS = YES;
				SWIFT_INSTALL_OBJC_HEADER = NO;
				SWIFT_OPTIMIZATION_LEVEL = "-Onone";
				SWIFT_VERSION = 5.0;
				TARGETED_DEVICE_FAMILY = "1,2,3,4,7";
				TVOS_DEPLOYMENT_TARGET = 11.0;
				WATCHOS_DEPLOYMENT_TARGET = 6.0;
				XROS_DEPLOYMENT_TARGET = 2.0;
			};
			name = Debug;
		};
		55AB57382D1AD26D0028A0F0 /* Release */ = {
			isa = XCBuildConfiguration;
			buildSettings = {
				ALLOW_TARGET_PLATFORM_SPECIALIZATION = YES;
				BUILD_LIBRARY_FOR_DISTRIBUTION = YES;
				CLANG_ENABLE_MODULES = YES;
				CODE_SIGN_STYLE = Automatic;
				CURRENT_PROJECT_VERSION = 1;
				DEFINES_MODULE = NO;
				DEVELOPMENT_TEAM = Q9ARVAPAG3;
				DYLIB_COMPATIBILITY_VERSION = 1;
				DYLIB_CURRENT_VERSION = 1;
				DYLIB_INSTALL_NAME_BASE = "@rpath";
				ENABLE_MODULE_VERIFIER = YES;
				ENABLE_USER_SCRIPT_SANDBOXING = NO;
				GENERATE_INFOPLIST_FILE = YES;
				INFOPLIST_KEY_NSHumanReadableCopyright = "";
				INSTALL_PATH = "$(LOCAL_LIBRARY_DIR)/Frameworks";
				IPHONEOS_DEPLOYMENT_TARGET = 13.0;
				LD_RUNPATH_SEARCH_PATHS = (
					"@executable_path/Frameworks",
					"@loader_path/Frameworks",
				);
				"LD_RUNPATH_SEARCH_PATHS[sdk=macosx*]" = (
					"@executable_path/../Frameworks",
					"@loader_path/Frameworks",
				);
				MACOSX_DEPLOYMENT_TARGET = 11.0;
				MARKETING_VERSION = 1.0;
				MODULE_VERIFIER_SUPPORTED_LANGUAGES = "objective-c objective-c++";
				MODULE_VERIFIER_SUPPORTED_LANGUAGE_STANDARDS = "gnu17 gnu++20";
				PRODUCT_BUNDLE_IDENTIFIER = com.mkg.RookBookCore;
				PRODUCT_NAME = "$(TARGET_NAME:c99extidentifier)";
				SDKROOT = auto;
				SKIP_INSTALL = YES;
				SUPPORTED_PLATFORMS = "appletvos appletvsimulator iphoneos iphonesimulator macosx watchos watchsimulator xros xrsimulator";
				SUPPORTS_MACCATALYST = NO;
				SWIFT_EMIT_LOC_STRINGS = YES;
				SWIFT_INSTALL_OBJC_HEADER = NO;
				SWIFT_VERSION = 5.0;
				TARGETED_DEVICE_FAMILY = "1,2,3,4,7";
				TVOS_DEPLOYMENT_TARGET = 11.0;
				WATCHOS_DEPLOYMENT_TARGET = 6.0;
				XROS_DEPLOYMENT_TARGET = 2.0;
			};
			name = Release;
		};
		55AB57392D1AD26D0028A0F0 /* Debug */ = {
			isa = XCBuildConfiguration;
			buildSettings = {
				ALWAYS_SEARCH_USER_PATHS = NO;
				ASSETCATALOG_COMPILER_GENERATE_SWIFT_ASSET_SYMBOL_EXTENSIONS = YES;
				CLANG_ANALYZER_NONNULL = YES;
				CLANG_ANALYZER_NUMBER_OBJECT_CONVERSION = YES_AGGRESSIVE;
				CLANG_CXX_LANGUAGE_STANDARD = "gnu++20";
				CLANG_ENABLE_MODULES = YES;
				CLANG_ENABLE_OBJC_ARC = YES;
				CLANG_ENABLE_OBJC_WEAK = YES;
				CLANG_WARN_BLOCK_CAPTURE_AUTORELEASING = YES;
				CLANG_WARN_BOOL_CONVERSION = YES;
				CLANG_WARN_COMMA = YES;
				CLANG_WARN_CONSTANT_CONVERSION = YES;
				CLANG_WARN_DEPRECATED_OBJC_IMPLEMENTATIONS = YES;
				CLANG_WARN_DIRECT_OBJC_ISA_USAGE = YES_ERROR;
				CLANG_WARN_DOCUMENTATION_COMMENTS = YES;
				CLANG_WARN_EMPTY_BODY = YES;
				CLANG_WARN_ENUM_CONVERSION = YES;
				CLANG_WARN_INFINITE_RECURSION = YES;
				CLANG_WARN_INT_CONVERSION = YES;
				CLANG_WARN_NON_LITERAL_NULL_CONVERSION = YES;
				CLANG_WARN_OBJC_IMPLICIT_RETAIN_SELF = YES;
				CLANG_WARN_OBJC_LITERAL_CONVERSION = YES;
				CLANG_WARN_OBJC_ROOT_CLASS = YES_ERROR;
				CLANG_WARN_QUOTED_INCLUDE_IN_FRAMEWORK_HEADER = YES;
				CLANG_WARN_RANGE_LOOP_ANALYSIS = YES;
				CLANG_WARN_STRICT_PROTOTYPES = YES;
				CLANG_WARN_SUSPICIOUS_MOVE = YES;
				CLANG_WARN_UNGUARDED_AVAILABILITY = YES_AGGRESSIVE;
				CLANG_WARN_UNREACHABLE_CODE = YES;
				CLANG_WARN__DUPLICATE_METHOD_MATCH = YES;
				COPY_PHASE_STRIP = NO;
				CURRENT_PROJECT_VERSION = 1;
				DEBUG_INFORMATION_FORMAT = dwarf;
				ENABLE_STRICT_OBJC_MSGSEND = YES;
				ENABLE_TESTABILITY = YES;
				ENABLE_USER_SCRIPT_SANDBOXING = YES;
				GCC_C_LANGUAGE_STANDARD = gnu17;
				GCC_DYNAMIC_NO_PIC = NO;
				GCC_NO_COMMON_BLOCKS = YES;
				GCC_OPTIMIZATION_LEVEL = 0;
				GCC_PREPROCESSOR_DEFINITIONS = (
					"DEBUG=1",
					"$(inherited)",
				);
				GCC_WARN_64_TO_32_BIT_CONVERSION = YES;
				GCC_WARN_ABOUT_RETURN_TYPE = YES_ERROR;
				GCC_WARN_UNDECLARED_SELECTOR = YES;
				GCC_WARN_UNINITIALIZED_AUTOS = YES_AGGRESSIVE;
				GCC_WARN_UNUSED_FUNCTION = YES;
				GCC_WARN_UNUSED_VARIABLE = YES;
				LOCALIZATION_PREFERS_STRING_CATALOGS = YES;
				MTL_ENABLE_DEBUG_INFO = INCLUDE_SOURCE;
				MTL_FAST_MATH = YES;
				ONLY_ACTIVE_ARCH = YES;
				SWIFT_ACTIVE_COMPILATION_CONDITIONS = "DEBUG $(inherited)";
				SWIFT_EMIT_LOC_STRINGS = YES;
				SWIFT_OPTIMIZATION_LEVEL = "-Onone";
				VERSIONING_SYSTEM = "apple-generic";
				VERSION_INFO_PREFIX = "";
			};
			name = Debug;
		};
		55AB573A2D1AD26D0028A0F0 /* Release */ = {
			isa = XCBuildConfiguration;
			buildSettings = {
				ALWAYS_SEARCH_USER_PATHS = NO;
				ASSETCATALOG_COMPILER_GENERATE_SWIFT_ASSET_SYMBOL_EXTENSIONS = YES;
				CLANG_ANALYZER_NONNULL = YES;
				CLANG_ANALYZER_NUMBER_OBJECT_CONVERSION = YES_AGGRESSIVE;
				CLANG_CXX_LANGUAGE_STANDARD = "gnu++20";
				CLANG_ENABLE_MODULES = YES;
				CLANG_ENABLE_OBJC_ARC = YES;
				CLANG_ENABLE_OBJC_WEAK = YES;
				CLANG_WARN_BLOCK_CAPTURE_AUTORELEASING = YES;
				CLANG_WARN_BOOL_CONVERSION = YES;
				CLANG_WARN_COMMA = YES;
				CLANG_WARN_CONSTANT_CONVERSION = YES;
				CLANG_WARN_DEPRECATED_OBJC_IMPLEMENTATIONS = YES;
				CLANG_WARN_DIRECT_OBJC_ISA_USAGE = YES_ERROR;
				CLANG_WARN_DOCUMENTATION_COMMENTS = YES;
				CLANG_WARN_EMPTY_BODY = YES;
				CLANG_WARN_ENUM_CONVERSION = YES;
				CLANG_WARN_INFINITE_RECURSION = YES;
				CLANG_WARN_INT_CONVERSION = YES;
				CLANG_WARN_NON_LITERAL_NULL_CONVERSION = YES;
				CLANG_WARN_OBJC_IMPLICIT_RETAIN_SELF = YES;
				CLANG_WARN_OBJC_LITERAL_CONVERSION = YES;
				CLANG_WARN_OBJC_ROOT_CLASS = YES_ERROR;
				CLANG_WARN_QUOTED_INCLUDE_IN_FRAMEWORK_HEADER = YES;
				CLANG_WARN_RANGE_LOOP_ANALYSIS = YES;
				CLANG_WARN_STRICT_PROTOTYPES = YES;
				CLANG_WARN_SUSPICIOUS_MOVE = YES;
				CLANG_WARN_UNGUARDED_AVAILABILITY = YES_AGGRESSIVE;
				CLANG_WARN_UNREACHABLE_CODE = YES;
				CLANG_WARN__DUPLICATE_METHOD_MATCH = YES;
				COPY_PHASE_STRIP = NO;
				CURRENT_PROJECT_VERSION = 1;
				DEBUG_INFORMATION_FORMAT = "dwarf-with-dsym";
				ENABLE_NS_ASSERTIONS = NO;
				ENABLE_STRICT_OBJC_MSGSEND = YES;
				ENABLE_USER_SCRIPT_SANDBOXING = YES;
				GCC_C_LANGUAGE_STANDARD = gnu17;
				GCC_NO_COMMON_BLOCKS = YES;
				GCC_WARN_64_TO_32_BIT_CONVERSION = YES;
				GCC_WARN_ABOUT_RETURN_TYPE = YES_ERROR;
				GCC_WARN_UNDECLARED_SELECTOR = YES;
				GCC_WARN_UNINITIALIZED_AUTOS = YES_AGGRESSIVE;
				GCC_WARN_UNUSED_FUNCTION = YES;
				GCC_WARN_UNUSED_VARIABLE = YES;
				LOCALIZATION_PREFERS_STRING_CATALOGS = YES;
				MTL_ENABLE_DEBUG_INFO = NO;
				MTL_FAST_MATH = YES;
				SWIFT_COMPILATION_MODE = wholemodule;
				SWIFT_EMIT_LOC_STRINGS = YES;
				VERSIONING_SYSTEM = "apple-generic";
				VERSION_INFO_PREFIX = "";
			};
			name = Release;
		};
		55AB573C2D1AD26D0028A0F0 /* Debug */ = {
			isa = XCBuildConfiguration;
			buildSettings = {
				ALLOW_TARGET_PLATFORM_SPECIALIZATION = YES;
				CLANG_ENABLE_MODULES = YES;
				CODE_SIGN_STYLE = Automatic;
				CURRENT_PROJECT_VERSION = 1;
				DEVELOPMENT_TEAM = Q9ARVAPAG3;
				GENERATE_INFOPLIST_FILE = YES;
				IPHONEOS_DEPLOYMENT_TARGET = 13.0;
				MACOSX_DEPLOYMENT_TARGET = 11.0;
				MARKETING_VERSION = 1.0;
				PRODUCT_BUNDLE_IDENTIFIER = com.mkg.RookBookCoreTests;
				PRODUCT_NAME = "$(TARGET_NAME)";
				SDKROOT = auto;
				SUPPORTED_PLATFORMS = "appletvos appletvsimulator iphoneos iphonesimulator macosx watchos watchsimulator xros xrsimulator";
				SUPPORTS_MACCATALYST = NO;
				SWIFT_EMIT_LOC_STRINGS = NO;
				SWIFT_OPTIMIZATION_LEVEL = "-Onone";
				SWIFT_VERSION = 5.0;
				TARGETED_DEVICE_FAMILY = "1,2,3,4,7";
				TVOS_DEPLOYMENT_TARGET = 11.0;
				WATCHOS_DEPLOYMENT_TARGET = 6.0;
				XROS_DEPLOYMENT_TARGET = 2.0;
			};
			name = Debug;
		};
		55AB573D2D1AD26D0028A0F0 /* Release */ = {
			isa = XCBuildConfiguration;
			buildSettings = {
				ALLOW_TARGET_PLATFORM_SPECIALIZATION = YES;
				CLANG_ENABLE_MODULES = YES;
				CODE_SIGN_STYLE = Automatic;
				CURRENT_PROJECT_VERSION = 1;
				DEVELOPMENT_TEAM = Q9ARVAPAG3;
				GENERATE_INFOPLIST_FILE = YES;
				IPHONEOS_DEPLOYMENT_TARGET = 13.0;
				MACOSX_DEPLOYMENT_TARGET = 11.0;
				MARKETING_VERSION = 1.0;
				PRODUCT_BUNDLE_IDENTIFIER = com.mkg.RookBookCoreTests;
				PRODUCT_NAME = "$(TARGET_NAME)";
				SDKROOT = auto;
				SUPPORTED_PLATFORMS = "appletvos appletvsimulator iphoneos iphonesimulator macosx watchos watchsimulator xros xrsimulator";
				SUPPORTS_MACCATALYST = NO;
				SWIFT_EMIT_LOC_STRINGS = NO;
				SWIFT_VERSION = 5.0;
				TARGETED_DEVICE_FAMILY = "1,2,3,4,7";
				TVOS_DEPLOYMENT_TARGET = 11.0;
				WATCHOS_DEPLOYMENT_TARGET = 6.0;
				XROS_DEPLOYMENT_TARGET = 2.0;
			};
			name = Release;
		};
		55AB672D2D1C44B40028A0F0 /* Debug */ = {
			isa = XCBuildConfiguration;
			buildSettings = {
				BUILD_LIBRARY_FOR_DISTRIBUTION = YES;
				CLANG_ENABLE_MODULES = YES;
				CODE_SIGN_STYLE = Automatic;
				CURRENT_PROJECT_VERSION = 1;
				DEFINES_MODULE = NO;
				DEVELOPMENT_TEAM = Q9ARVAPAG3;
				DYLIB_COMPATIBILITY_VERSION = 1;
				DYLIB_CURRENT_VERSION = 1;
				DYLIB_INSTALL_NAME_BASE = "@rpath";
				ENABLE_MODULE_VERIFIER = YES;
				GENERATE_INFOPLIST_FILE = YES;
				INFOPLIST_KEY_NSHumanReadableCopyright = "";
				INSTALL_PATH = "$(LOCAL_LIBRARY_DIR)/Frameworks";
				IPHONEOS_DEPLOYMENT_TARGET = 13.0;
				LD_RUNPATH_SEARCH_PATHS = (
					"$(inherited)",
					"@executable_path/Frameworks",
					"@loader_path/Frameworks",
				);
				MARKETING_VERSION = 1.0;
				MODULE_VERIFIER_SUPPORTED_LANGUAGES = "objective-c objective-c++";
				MODULE_VERIFIER_SUPPORTED_LANGUAGE_STANDARDS = "gnu17 gnu++20";
				PRODUCT_BUNDLE_IDENTIFIER = com.mkg.RookBookIOS;
				PRODUCT_NAME = "$(TARGET_NAME:c99extidentifier)";
				SDKROOT = iphoneos;
				SKIP_INSTALL = YES;
				SUPPORTED_PLATFORMS = "iphoneos iphonesimulator";
				SUPPORTS_MACCATALYST = NO;
				SUPPORTS_MAC_DESIGNED_FOR_IPHONE_IPAD = NO;
				SUPPORTS_XR_DESIGNED_FOR_IPHONE_IPAD = NO;
				SWIFT_EMIT_LOC_STRINGS = YES;
				SWIFT_INSTALL_OBJC_HEADER = NO;
				SWIFT_OPTIMIZATION_LEVEL = "-Onone";
				SWIFT_VERSION = 5.0;
				TARGETED_DEVICE_FAMILY = "1,2";
			};
			name = Debug;
		};
		55AB672E2D1C44B40028A0F0 /* Release */ = {
			isa = XCBuildConfiguration;
			buildSettings = {
				BUILD_LIBRARY_FOR_DISTRIBUTION = YES;
				CLANG_ENABLE_MODULES = YES;
				CODE_SIGN_STYLE = Automatic;
				CURRENT_PROJECT_VERSION = 1;
				DEFINES_MODULE = NO;
				DEVELOPMENT_TEAM = Q9ARVAPAG3;
				DYLIB_COMPATIBILITY_VERSION = 1;
				DYLIB_CURRENT_VERSION = 1;
				DYLIB_INSTALL_NAME_BASE = "@rpath";
				ENABLE_MODULE_VERIFIER = YES;
				GENERATE_INFOPLIST_FILE = YES;
				INFOPLIST_KEY_NSHumanReadableCopyright = "";
				INSTALL_PATH = "$(LOCAL_LIBRARY_DIR)/Frameworks";
				IPHONEOS_DEPLOYMENT_TARGET = 13.0;
				LD_RUNPATH_SEARCH_PATHS = (
					"$(inherited)",
					"@executable_path/Frameworks",
					"@loader_path/Frameworks",
				);
				MARKETING_VERSION = 1.0;
				MODULE_VERIFIER_SUPPORTED_LANGUAGES = "objective-c objective-c++";
				MODULE_VERIFIER_SUPPORTED_LANGUAGE_STANDARDS = "gnu17 gnu++20";
				PRODUCT_BUNDLE_IDENTIFIER = com.mkg.RookBookIOS;
				PRODUCT_NAME = "$(TARGET_NAME:c99extidentifier)";
				SDKROOT = iphoneos;
				SKIP_INSTALL = YES;
				SUPPORTED_PLATFORMS = "iphoneos iphonesimulator";
				SUPPORTS_MACCATALYST = NO;
				SUPPORTS_MAC_DESIGNED_FOR_IPHONE_IPAD = NO;
				SUPPORTS_XR_DESIGNED_FOR_IPHONE_IPAD = NO;
				SWIFT_EMIT_LOC_STRINGS = YES;
				SWIFT_INSTALL_OBJC_HEADER = NO;
				SWIFT_VERSION = 5.0;
				TARGETED_DEVICE_FAMILY = "1,2";
				VALIDATE_PRODUCT = YES;
			};
			name = Release;
		};
		55AB672F2D1C44B40028A0F0 /* Debug */ = {
			isa = XCBuildConfiguration;
			buildSettings = {
				CLANG_ENABLE_MODULES = YES;
				CODE_SIGN_STYLE = Automatic;
				CURRENT_PROJECT_VERSION = 1;
				DEVELOPMENT_TEAM = Q9ARVAPAG3;
				GENERATE_INFOPLIST_FILE = YES;
				IPHONEOS_DEPLOYMENT_TARGET = 13.0;
				MARKETING_VERSION = 1.0;
				PRODUCT_BUNDLE_IDENTIFIER = com.mkg.RookBookIOSTests;
				PRODUCT_NAME = "$(TARGET_NAME)";
				SDKROOT = iphoneos;
				SUPPORTED_PLATFORMS = "iphoneos iphonesimulator";
				SUPPORTS_MACCATALYST = NO;
				SUPPORTS_MAC_DESIGNED_FOR_IPHONE_IPAD = NO;
				SUPPORTS_XR_DESIGNED_FOR_IPHONE_IPAD = NO;
				SWIFT_EMIT_LOC_STRINGS = NO;
				SWIFT_OPTIMIZATION_LEVEL = "-Onone";
				SWIFT_VERSION = 5.0;
				TARGETED_DEVICE_FAMILY = "1,2";
			};
			name = Debug;
		};
		55AB67302D1C44B40028A0F0 /* Release */ = {
			isa = XCBuildConfiguration;
			buildSettings = {
				CLANG_ENABLE_MODULES = YES;
				CODE_SIGN_STYLE = Automatic;
				CURRENT_PROJECT_VERSION = 1;
				DEVELOPMENT_TEAM = Q9ARVAPAG3;
				GENERATE_INFOPLIST_FILE = YES;
				IPHONEOS_DEPLOYMENT_TARGET = 13.0;
				MARKETING_VERSION = 1.0;
				PRODUCT_BUNDLE_IDENTIFIER = com.mkg.RookBookIOSTests;
				PRODUCT_NAME = "$(TARGET_NAME)";
				SDKROOT = iphoneos;
				SUPPORTED_PLATFORMS = "iphoneos iphonesimulator";
				SUPPORTS_MACCATALYST = NO;
				SUPPORTS_MAC_DESIGNED_FOR_IPHONE_IPAD = NO;
				SUPPORTS_XR_DESIGNED_FOR_IPHONE_IPAD = NO;
				SWIFT_EMIT_LOC_STRINGS = NO;
				SWIFT_VERSION = 5.0;
				TARGETED_DEVICE_FAMILY = "1,2";
				VALIDATE_PRODUCT = YES;
			};
			name = Release;
		};
/* End XCBuildConfiguration section */

/* Begin XCConfigurationList section */
		557177282D229DD3007C81C0 /* Build configuration list for PBXNativeTarget "RookBookCoreEndToEndTests" */ = {
			isa = XCConfigurationList;
			buildConfigurations = (
				557177262D229DD3007C81C0 /* Debug */,
				557177272D229DD3007C81C0 /* Release */,
			);
			defaultConfigurationIsVisible = 0;
			defaultConfigurationName = Release;
		};
		557177342D229E14007C81C0 /* Build configuration list for PBXNativeTarget "RookBookCoreStoreIntegrationTests" */ = {
			isa = XCConfigurationList;
			buildConfigurations = (
				557177352D229E14007C81C0 /* Debug */,
				557177362D229E14007C81C0 /* Release */,
			);
			defaultConfigurationIsVisible = 0;
			defaultConfigurationName = Release;
		};
		5571775D2D229E2D007C81C0 /* Build configuration list for PBXNativeTarget "RookBookCoreTestHostApp" */ = {
			isa = XCConfigurationList;
			buildConfigurations = (
				5571775E2D229E2D007C81C0 /* Debug */,
				5571775F2D229E2D007C81C0 /* Release */,
			);
			defaultConfigurationIsVisible = 0;
			defaultConfigurationName = Release;
		};
		55AB571F2D1AD26D0028A0F0 /* Build configuration list for PBXProject "RookBookCore" */ = {
			isa = XCConfigurationList;
			buildConfigurations = (
				55AB57392D1AD26D0028A0F0 /* Debug */,
				55AB573A2D1AD26D0028A0F0 /* Release */,
			);
			defaultConfigurationIsVisible = 0;
			defaultConfigurationName = Release;
		};
		55AB57362D1AD26D0028A0F0 /* Build configuration list for PBXNativeTarget "RookBookCore" */ = {
			isa = XCConfigurationList;
			buildConfigurations = (
				55AB57372D1AD26D0028A0F0 /* Debug */,
				55AB57382D1AD26D0028A0F0 /* Release */,
			);
			defaultConfigurationIsVisible = 0;
			defaultConfigurationName = Release;
		};
		55AB573B2D1AD26D0028A0F0 /* Build configuration list for PBXNativeTarget "RookBookCoreTests" */ = {
			isa = XCConfigurationList;
			buildConfigurations = (
				55AB573C2D1AD26D0028A0F0 /* Debug */,
				55AB573D2D1AD26D0028A0F0 /* Release */,
			);
			defaultConfigurationIsVisible = 0;
			defaultConfigurationName = Release;
		};
		55AB67322D1C44B40028A0F0 /* Build configuration list for PBXNativeTarget "RookBookIOS" */ = {
			isa = XCConfigurationList;
			buildConfigurations = (
				55AB672D2D1C44B40028A0F0 /* Debug */,
				55AB672E2D1C44B40028A0F0 /* Release */,
			);
			defaultConfigurationIsVisible = 0;
			defaultConfigurationName = Release;
		};
		55AB67332D1C44B40028A0F0 /* Build configuration list for PBXNativeTarget "RookBookIOSTests" */ = {
			isa = XCConfigurationList;
			buildConfigurations = (
				55AB672F2D1C44B40028A0F0 /* Debug */,
				55AB67302D1C44B40028A0F0 /* Release */,
			);
			defaultConfigurationIsVisible = 0;
			defaultConfigurationName = Release;
		};
/* End XCConfigurationList section */

/* Begin XCRemoteSwiftPackageReference section */
		55AB6CDB2D1C84500028A0F0 /* XCRemoteSwiftPackageReference "SnapShooter" */ = {
			isa = XCRemoteSwiftPackageReference;
			repositoryURL = "https://github.com/mkemalgokce/SnapShooter";
			requirement = {
				kind = exactVersion;
				version = 1.0.2;
			};
		};
/* End XCRemoteSwiftPackageReference section */

/* Begin XCSwiftPackageProductDependency section */
		55AB6CDC2D1C84500028A0F0 /* SnapShooter */ = {
			isa = XCSwiftPackageProductDependency;
			package = 55AB6CDB2D1C84500028A0F0 /* XCRemoteSwiftPackageReference "SnapShooter" */;
			productName = SnapShooter;
		};
/* End XCSwiftPackageProductDependency section */
	};
	rootObject = 55AB571C2D1AD26D0028A0F0 /* Project object */;
}
