// !$*UTF8*$!
{
	archiveVersion = 1;
	classes = {
	};
	objectVersion = 77;
	objects = {

/* Begin PBXBuildFile section */
		551BF3072D47F27E00915E2E /* RookBookCore.framework in Frameworks */ = {isa = PBXBuildFile; fileRef = 551BF3062D47F27E00915E2E /* RookBookCore.framework */; };
		551BF3082D47F27E00915E2E /* RookBookCore.framework in Embed Frameworks */ = {isa = PBXBuildFile; fileRef = 551BF3062D47F27E00915E2E /* RookBookCore.framework */; settings = {ATTRIBUTES = (CodeSignOnCopy, RemoveHeadersOnCopy, ); }; };
		551BF30D2D48063200915E2E /* IQKeyboardManagerSwift in Frameworks */ = {isa = PBXBuildFile; productRef = 551BF30C2D48063200915E2E /* IQKeyboardManagerSwift */; };
		554FDD062D20A8D6006CBFA6 /* RookBookIOSApp.xctestplan in Resources */ = {isa = PBXBuildFile; fileRef = 554FDD052D20A8D6006CBFA6 /* RookBookIOSApp.xctestplan */; };
		55935C712D1CC034005004D6 /* RookBookIOS.framework in Frameworks */ = {isa = PBXBuildFile; fileRef = 55935C702D1CC034005004D6 /* RookBookIOS.framework */; };
		55935C722D1CC034005004D6 /* RookBookIOS.framework in Embed Frameworks */ = {isa = PBXBuildFile; fileRef = 55935C702D1CC034005004D6 /* RookBookIOS.framework */; settings = {ATTRIBUTES = (CodeSignOnCopy, RemoveHeadersOnCopy, ); }; };
/* End PBXBuildFile section */

/* Begin PBXContainerItemProxy section */
		55AB713D2D1C8BE20028A0F0 /* PBXContainerItemProxy */ = {
			isa = PBXContainerItemProxy;
			containerPortal = 55AB711E2D1C8BE00028A0F0 /* Project object */;
			proxyType = 1;
			remoteGlobalIDString = 55AB71252D1C8BE00028A0F0;
			remoteInfo = RookBookIOSApp;
		};
/* End PBXContainerItemProxy section */

/* Begin PBXCopyFilesBuildPhase section */
		55935C732D1CC034005004D6 /* Embed Frameworks */ = {
			isa = PBXCopyFilesBuildPhase;
			buildActionMask = 2147483647;
			dstPath = "";
			dstSubfolderSpec = 10;
			files = (
				55935C722D1CC034005004D6 /* RookBookIOS.framework in Embed Frameworks */,
				551BF3082D47F27E00915E2E /* RookBookCore.framework in Embed Frameworks */,
			);
			name = "Embed Frameworks";
			runOnlyForDeploymentPostprocessing = 0;
		};
/* End PBXCopyFilesBuildPhase section */

/* Begin PBXFileReference section */
		551BF3062D47F27E00915E2E /* RookBookCore.framework */ = {isa = PBXFileReference; explicitFileType = wrapper.framework; path = RookBookCore.framework; sourceTree = BUILT_PRODUCTS_DIR; };
		554FDD052D20A8D6006CBFA6 /* RookBookIOSApp.xctestplan */ = {isa = PBXFileReference; lastKnownFileType = text; path = RookBookIOSApp.xctestplan; sourceTree = "<group>"; };
		55935C702D1CC034005004D6 /* RookBookIOS.framework */ = {isa = PBXFileReference; explicitFileType = wrapper.framework; path = RookBookIOS.framework; sourceTree = BUILT_PRODUCTS_DIR; };
		55AB71262D1C8BE00028A0F0 /* RookBookIOSApp.app */ = {isa = PBXFileReference; explicitFileType = wrapper.application; includeInIndex = 0; path = RookBookIOSApp.app; sourceTree = BUILT_PRODUCTS_DIR; };
		55AB713C2D1C8BE20028A0F0 /* RookBookIOSAppTests.xctest */ = {isa = PBXFileReference; explicitFileType = wrapper.cfbundle; includeInIndex = 0; path = RookBookIOSAppTests.xctest; sourceTree = BUILT_PRODUCTS_DIR; };
/* End PBXFileReference section */

/* Begin PBXFileSystemSynchronizedBuildFileExceptionSet section */
		55AB714E2D1C8BE20028A0F0 /* Exceptions for "RookBookIOSApp" folder in "RookBookIOSApp" target */ = {
			isa = PBXFileSystemSynchronizedBuildFileExceptionSet;
			membershipExceptions = (
				Info.plist,
			);
			target = 55AB71252D1C8BE00028A0F0 /* RookBookIOSApp */;
		};
/* End PBXFileSystemSynchronizedBuildFileExceptionSet section */

/* Begin PBXFileSystemSynchronizedRootGroup section */
		55AB71282D1C8BE00028A0F0 /* RookBookIOSApp */ = {
			isa = PBXFileSystemSynchronizedRootGroup;
			exceptions = (
				55AB714E2D1C8BE20028A0F0 /* Exceptions for "RookBookIOSApp" folder in "RookBookIOSApp" target */,
			);
			path = RookBookIOSApp;
			sourceTree = "<group>";
		};
		55AB713F2D1C8BE20028A0F0 /* RookBookIOSAppTests */ = {
			isa = PBXFileSystemSynchronizedRootGroup;
			path = RookBookIOSAppTests;
			sourceTree = "<group>";
		};
/* End PBXFileSystemSynchronizedRootGroup section */

/* Begin PBXFrameworksBuildPhase section */
		55AB71232D1C8BE00028A0F0 /* Frameworks */ = {
			isa = PBXFrameworksBuildPhase;
			buildActionMask = 2147483647;
			files = (
				55935C712D1CC034005004D6 /* RookBookIOS.framework in Frameworks */,
				551BF3072D47F27E00915E2E /* RookBookCore.framework in Frameworks */,
				551BF30D2D48063200915E2E /* IQKeyboardManagerSwift in Frameworks */,
			);
			runOnlyForDeploymentPostprocessing = 0;
		};
		55AB71392D1C8BE20028A0F0 /* Frameworks */ = {
			isa = PBXFrameworksBuildPhase;
			buildActionMask = 2147483647;
			files = (
			);
			runOnlyForDeploymentPostprocessing = 0;
		};
/* End PBXFrameworksBuildPhase section */

/* Begin PBXGroup section */
		55935C6F2D1CC034005004D6 /* Frameworks */ = {
			isa = PBXGroup;
			children = (
				551BF3062D47F27E00915E2E /* RookBookCore.framework */,
				55935C702D1CC034005004D6 /* RookBookIOS.framework */,
			);
			name = Frameworks;
			sourceTree = "<group>";
		};
		55AB711D2D1C8BE00028A0F0 = {
			isa = PBXGroup;
			children = (
				554FDD052D20A8D6006CBFA6 /* RookBookIOSApp.xctestplan */,
				55AB71282D1C8BE00028A0F0 /* RookBookIOSApp */,
				55AB713F2D1C8BE20028A0F0 /* RookBookIOSAppTests */,
				55935C6F2D1CC034005004D6 /* Frameworks */,
				55AB71272D1C8BE00028A0F0 /* Products */,
			);
			sourceTree = "<group>";
		};
		55AB71272D1C8BE00028A0F0 /* Products */ = {
			isa = PBXGroup;
			children = (
				55AB71262D1C8BE00028A0F0 /* RookBookIOSApp.app */,
				55AB713C2D1C8BE20028A0F0 /* RookBookIOSAppTests.xctest */,
			);
			name = Products;
			sourceTree = "<group>";
		};
/* End PBXGroup section */

/* Begin PBXNativeTarget section */
		55AB71252D1C8BE00028A0F0 /* RookBookIOSApp */ = {
			isa = PBXNativeTarget;
			buildConfigurationList = 55AB714F2D1C8BE20028A0F0 /* Build configuration list for PBXNativeTarget "RookBookIOSApp" */;
			buildPhases = (
				55AB71222D1C8BE00028A0F0 /* Sources */,
				55AB71232D1C8BE00028A0F0 /* Frameworks */,
				55AB71242D1C8BE00028A0F0 /* Resources */,
				55935C732D1CC034005004D6 /* Embed Frameworks */,
			);
			buildRules = (
			);
			dependencies = (
			);
			fileSystemSynchronizedGroups = (
				55AB71282D1C8BE00028A0F0 /* RookBookIOSApp */,
			);
			name = RookBookIOSApp;
			packageProductDependencies = (
				551BF30C2D48063200915E2E /* IQKeyboardManagerSwift */,
			);
			productName = RookBookIOSApp;
			productReference = 55AB71262D1C8BE00028A0F0 /* RookBookIOSApp.app */;
			productType = "com.apple.product-type.application";
		};
		55AB713B2D1C8BE20028A0F0 /* RookBookIOSAppTests */ = {
			isa = PBXNativeTarget;
			buildConfigurationList = 55AB71542D1C8BE20028A0F0 /* Build configuration list for PBXNativeTarget "RookBookIOSAppTests" */;
			buildPhases = (
				55AB71382D1C8BE20028A0F0 /* Sources */,
				55AB71392D1C8BE20028A0F0 /* Frameworks */,
				55AB713A2D1C8BE20028A0F0 /* Resources */,
			);
			buildRules = (
			);
			dependencies = (
				55AB713E2D1C8BE20028A0F0 /* PBXTargetDependency */,
			);
			fileSystemSynchronizedGroups = (
				55AB713F2D1C8BE20028A0F0 /* RookBookIOSAppTests */,
			);
			name = RookBookIOSAppTests;
			packageProductDependencies = (
			);
			productName = RookBookIOSAppTests;
			productReference = 55AB713C2D1C8BE20028A0F0 /* RookBookIOSAppTests.xctest */;
			productType = "com.apple.product-type.bundle.unit-test";
		};
/* End PBXNativeTarget section */

/* Begin PBXProject section */
		55AB711E2D1C8BE00028A0F0 /* Project object */ = {
			isa = PBXProject;
			attributes = {
				BuildIndependentTargetsInParallel = 1;
				LastSwiftUpdateCheck = 1600;
				LastUpgradeCheck = 1600;
				TargetAttributes = {
					55AB71252D1C8BE00028A0F0 = {
						CreatedOnToolsVersion = 16.0;
					};
					55AB713B2D1C8BE20028A0F0 = {
						CreatedOnToolsVersion = 16.0;
						LastSwiftMigration = 1600;
						TestTargetID = 55AB71252D1C8BE00028A0F0;
					};
				};
			};
			buildConfigurationList = 55AB71212D1C8BE00028A0F0 /* Build configuration list for PBXProject "RookBookIOSApp" */;
			developmentRegion = en;
			hasScannedForEncodings = 0;
			knownRegions = (
				en,
				Base,
			);
			mainGroup = 55AB711D2D1C8BE00028A0F0;
			minimizedProjectReferenceProxies = 1;
			packageReferences = (
				551BF30B2D48063200915E2E /* XCRemoteSwiftPackageReference "IQKeyboardManager" */,
			);
			preferredProjectObjectVersion = 77;
			productRefGroup = 55AB71272D1C8BE00028A0F0 /* Products */;
			projectDirPath = "";
			projectRoot = "";
			targets = (
				55AB71252D1C8BE00028A0F0 /* RookBookIOSApp */,
				55AB713B2D1C8BE20028A0F0 /* RookBookIOSAppTests */,
			);
		};
/* End PBXProject section */

/* Begin PBXResourcesBuildPhase section */
		55AB71242D1C8BE00028A0F0 /* Resources */ = {
			isa = PBXResourcesBuildPhase;
			buildActionMask = 2147483647;
			files = (
				554FDD062D20A8D6006CBFA6 /* RookBookIOSApp.xctestplan in Resources */,
			);
			runOnlyForDeploymentPostprocessing = 0;
		};
		55AB713A2D1C8BE20028A0F0 /* Resources */ = {
			isa = PBXResourcesBuildPhase;
			buildActionMask = 2147483647;
			files = (
			);
			runOnlyForDeploymentPostprocessing = 0;
		};
/* End PBXResourcesBuildPhase section */

/* Begin PBXSourcesBuildPhase section */
		55AB71222D1C8BE00028A0F0 /* Sources */ = {
			isa = PBXSourcesBuildPhase;
			buildActionMask = 2147483647;
			files = (
			);
			runOnlyForDeploymentPostprocessing = 0;
		};
		55AB71382D1C8BE20028A0F0 /* Sources */ = {
			isa = PBXSourcesBuildPhase;
			buildActionMask = 2147483647;
			files = (
			);
			runOnlyForDeploymentPostprocessing = 0;
		};
/* End PBXSourcesBuildPhase section */

/* Begin PBXTargetDependency section */
		55AB713E2D1C8BE20028A0F0 /* PBXTargetDependency */ = {
			isa = PBXTargetDependency;
			target = 55AB71252D1C8BE00028A0F0 /* RookBookIOSApp */;
			targetProxy = 55AB713D2D1C8BE20028A0F0 /* PBXContainerItemProxy */;
		};
/* End PBXTargetDependency section */

/* Begin XCBuildConfiguration section */
		55AB71502D1C8BE20028A0F0 /* Debug */ = {
			isa = XCBuildConfiguration;
			buildSettings = {
				ASSETCATALOG_COMPILER_APPICON_NAME = AppIcon;
				ASSETCATALOG_COMPILER_GLOBAL_ACCENT_COLOR_NAME = AccentColor;
				CODE_SIGN_ENTITLEMENTS = RookBookIOSApp/RookBookIOSApp.entitlements;
				CODE_SIGN_STYLE = Automatic;
				CURRENT_PROJECT_VERSION = 1;
				DEVELOPMENT_TEAM = Q9ARVAPAG3;
				GENERATE_INFOPLIST_FILE = YES;
				INFOPLIST_FILE = RookBookIOSApp/Info.plist;
				INFOPLIST_KEY_UIApplicationSupportsIndirectInputEvents = YES;
				INFOPLIST_KEY_UILaunchStoryboardName = LaunchScreen;
				INFOPLIST_KEY_UISupportedInterfaceOrientations_iPad = "UIInterfaceOrientationPortrait UIInterfaceOrientationPortraitUpsideDown UIInterfaceOrientationLandscapeLeft UIInterfaceOrientationLandscapeRight";
				INFOPLIST_KEY_UISupportedInterfaceOrientations_iPhone = "UIInterfaceOrientationPortrait UIInterfaceOrientationLandscapeLeft UIInterfaceOrientationLandscapeRight";
				LD_RUNPATH_SEARCH_PATHS = (
					"$(inherited)",
					"@executable_path/Frameworks",
				);
				MARKETING_VERSION = 1.0;
				PRODUCT_BUNDLE_IDENTIFIER = com.mkg.RookBookIOSApp;
				PRODUCT_NAME = "$(TARGET_NAME)";
				SWIFT_EMIT_LOC_STRINGS = YES;
				SWIFT_VERSION = 5.0;
				TARGETED_DEVICE_FAMILY = "1,2";
			};
			name = Debug;
		};
		55AB71512D1C8BE20028A0F0 /* Release */ = {
			isa = XCBuildConfiguration;
			buildSettings = {
				ASSETCATALOG_COMPILER_APPICON_NAME = AppIcon;
				ASSETCATALOG_COMPILER_GLOBAL_ACCENT_COLOR_NAME = AccentColor;
				CODE_SIGN_ENTITLEMENTS = RookBookIOSApp/RookBookIOSApp.entitlements;
				CODE_SIGN_STYLE = Automatic;
				CURRENT_PROJECT_VERSION = 1;
				DEVELOPMENT_TEAM = Q9ARVAPAG3;
				GENERATE_INFOPLIST_FILE = YES;
				INFOPLIST_FILE = RookBookIOSApp/Info.plist;
				INFOPLIST_KEY_UIApplicationSupportsIndirectInputEvents = YES;
				INFOPLIST_KEY_UILaunchStoryboardName = LaunchScreen;
				INFOPLIST_KEY_UISupportedInterfaceOrientations_iPad = "UIInterfaceOrientationPortrait UIInterfaceOrientationPortraitUpsideDown UIInterfaceOrientationLandscapeLeft UIInterfaceOrientationLandscapeRight";
				INFOPLIST_KEY_UISupportedInterfaceOrientations_iPhone = "UIInterfaceOrientationPortrait UIInterfaceOrientationLandscapeLeft UIInterfaceOrientationLandscapeRight";
				LD_RUNPATH_SEARCH_PATHS = (
					"$(inherited)",
					"@executable_path/Frameworks",
				);
				MARKETING_VERSION = 1.0;
				PRODUCT_BUNDLE_IDENTIFIER = com.mkg.RookBookIOSApp;
				PRODUCT_NAME = "$(TARGET_NAME)";
				SWIFT_EMIT_LOC_STRINGS = YES;
				SWIFT_VERSION = 5.0;
				TARGETED_DEVICE_FAMILY = "1,2";
			};
			name = Release;
		};
		55AB71522D1C8BE20028A0F0 /* Debug */ = {
			isa = XCBuildConfiguration;
			buildSettings = {
				ALWAYS_SEARCH_USER_PATHS = NO;
				ASSETCATALOG_COMPILER_GENERATE_SWIFT_ASSET_SYMBOL_EXTENSIONS = YES;
				CLANG_ANALYZER_NONNULL = YES;
				CLANG_ANALYZER_NUMBER_OBJECT_CONVERSION = YES_AGGRESSIVE;
				CLANG_CXX_LANGUAGE_STANDARD = "gnu++20";
				CLANG_ENABLE_MODULES = YES;
				CLANG_ENABLE_OBJC_ARC = YES;
				CLANG_ENABLE_OBJC_WEAK = YES;
				CLANG_WARN_BLOCK_CAPTURE_AUTORELEASING = YES;
				CLANG_WARN_BOOL_CONVERSION = YES;
				CLANG_WARN_COMMA = YES;
				CLANG_WARN_CONSTANT_CONVERSION = YES;
				CLANG_WARN_DEPRECATED_OBJC_IMPLEMENTATIONS = YES;
				CLANG_WARN_DIRECT_OBJC_ISA_USAGE = YES_ERROR;
				CLANG_WARN_DOCUMENTATION_COMMENTS = YES;
				CLANG_WARN_EMPTY_BODY = YES;
				CLANG_WARN_ENUM_CONVERSION = YES;
				CLANG_WARN_INFINITE_RECURSION = YES;
				CLANG_WARN_INT_CONVERSION = YES;
				CLANG_WARN_NON_LITERAL_NULL_CONVERSION = YES;
				CLANG_WARN_OBJC_IMPLICIT_RETAIN_SELF = YES;
				CLANG_WARN_OBJC_LITERAL_CONVERSION = YES;
				CLANG_WARN_OBJC_ROOT_CLASS = YES_ERROR;
				CLANG_WARN_QUOTED_INCLUDE_IN_FRAMEWORK_HEADER = YES;
				CLANG_WARN_RANGE_LOOP_ANALYSIS = YES;
				CLANG_WARN_STRICT_PROTOTYPES = YES;
				CLANG_WARN_SUSPICIOUS_MOVE = YES;
				CLANG_WARN_UNGUARDED_AVAILABILITY = YES_AGGRESSIVE;
				CLANG_WARN_UNREACHABLE_CODE = YES;
				CLANG_WARN__DUPLICATE_METHOD_MATCH = YES;
				COPY_PHASE_STRIP = NO;
				DEBUG_INFORMATION_FORMAT = dwarf;
				ENABLE_STRICT_OBJC_MSGSEND = YES;
				ENABLE_TESTABILITY = YES;
				ENABLE_USER_SCRIPT_SANDBOXING = YES;
				GCC_C_LANGUAGE_STANDARD = gnu17;
				GCC_DYNAMIC_NO_PIC = NO;
				GCC_NO_COMMON_BLOCKS = YES;
				GCC_OPTIMIZATION_LEVEL = 0;
				GCC_PREPROCESSOR_DEFINITIONS = (
					"DEBUG=1",
					"$(inherited)",
				);
				GCC_WARN_64_TO_32_BIT_CONVERSION = YES;
				GCC_WARN_ABOUT_RETURN_TYPE = YES_ERROR;
				GCC_WARN_UNDECLARED_SELECTOR = YES;
				GCC_WARN_UNINITIALIZED_AUTOS = YES_AGGRESSIVE;
				GCC_WARN_UNUSED_FUNCTION = YES;
				GCC_WARN_UNUSED_VARIABLE = YES;
				IPHONEOS_DEPLOYMENT_TARGET = 18.0;
				LOCALIZATION_PREFERS_STRING_CATALOGS = YES;
				MTL_ENABLE_DEBUG_INFO = INCLUDE_SOURCE;
				MTL_FAST_MATH = YES;
				ONLY_ACTIVE_ARCH = YES;
				SDKROOT = iphoneos;
				SWIFT_ACTIVE_COMPILATION_CONDITIONS = "DEBUG $(inherited)";
				SWIFT_OPTIMIZATION_LEVEL = "-Onone";
			};
			name = Debug;
		};
		55AB71532D1C8BE20028A0F0 /* Release */ = {
			isa = XCBuildConfiguration;
			buildSettings = {
				ALWAYS_SEARCH_USER_PATHS = NO;
				ASSETCATALOG_COMPILER_GENERATE_SWIFT_ASSET_SYMBOL_EXTENSIONS = YES;
				CLANG_ANALYZER_NONNULL = YES;
				CLANG_ANALYZER_NUMBER_OBJECT_CONVERSION = YES_AGGRESSIVE;
				CLANG_CXX_LANGUAGE_STANDARD = "gnu++20";
				CLANG_ENABLE_MODULES = YES;
				CLANG_ENABLE_OBJC_ARC = YES;
				CLANG_ENABLE_OBJC_WEAK = YES;
				CLANG_WARN_BLOCK_CAPTURE_AUTORELEASING = YES;
				CLANG_WARN_BOOL_CONVERSION = YES;
				CLANG_WARN_COMMA = YES;
				CLANG_WARN_CONSTANT_CONVERSION = YES;
				CLANG_WARN_DEPRECATED_OBJC_IMPLEMENTATIONS = YES;
				CLANG_WARN_DIRECT_OBJC_ISA_USAGE = YES_ERROR;
				CLANG_WARN_DOCUMENTATION_COMMENTS = YES;
				CLANG_WARN_EMPTY_BODY = YES;
				CLANG_WARN_ENUM_CONVERSION = YES;
				CLANG_WARN_INFINITE_RECURSION = YES;
				CLANG_WARN_INT_CONVERSION = YES;
				CLANG_WARN_NON_LITERAL_NULL_CONVERSION = YES;
				CLANG_WARN_OBJC_IMPLICIT_RETAIN_SELF = YES;
				CLANG_WARN_OBJC_LITERAL_CONVERSION = YES;
				CLANG_WARN_OBJC_ROOT_CLASS = YES_ERROR;
				CLANG_WARN_QUOTED_INCLUDE_IN_FRAMEWORK_HEADER = YES;
				CLANG_WARN_RANGE_LOOP_ANALYSIS = YES;
				CLANG_WARN_STRICT_PROTOTYPES = YES;
				CLANG_WARN_SUSPICIOUS_MOVE = YES;
				CLANG_WARN_UNGUARDED_AVAILABILITY = YES_AGGRESSIVE;
				CLANG_WARN_UNREACHABLE_CODE = YES;
				CLANG_WARN__DUPLICATE_METHOD_MATCH = YES;
				COPY_PHASE_STRIP = NO;
				DEBUG_INFORMATION_FORMAT = "dwarf-with-dsym";
				ENABLE_NS_ASSERTIONS = NO;
				ENABLE_STRICT_OBJC_MSGSEND = YES;
				ENABLE_USER_SCRIPT_SANDBOXING = YES;
				GCC_C_LANGUAGE_STANDARD = gnu17;
				GCC_NO_COMMON_BLOCKS = YES;
				GCC_WARN_64_TO_32_BIT_CONVERSION = YES;
				GCC_WARN_ABOUT_RETURN_TYPE = YES_ERROR;
				GCC_WARN_UNDECLARED_SELECTOR = YES;
				GCC_WARN_UNINITIALIZED_AUTOS = YES_AGGRESSIVE;
				GCC_WARN_UNUSED_FUNCTION = YES;
				GCC_WARN_UNUSED_VARIABLE = YES;
				IPHONEOS_DEPLOYMENT_TARGET = 18.0;
				LOCALIZATION_PREFERS_STRING_CATALOGS = YES;
				MTL_ENABLE_DEBUG_INFO = NO;
				MTL_FAST_MATH = YES;
				SDKROOT = iphoneos;
				SWIFT_COMPILATION_MODE = wholemodule;
				VALIDATE_PRODUCT = YES;
			};
			name = Release;
		};
		55AB71552D1C8BE20028A0F0 /* Debug */ = {
			isa = XCBuildConfiguration;
			buildSettings = {
				BUNDLE_LOADER = "$(TEST_HOST)";
				CLANG_ENABLE_MODULES = YES;
				CODE_SIGN_STYLE = Automatic;
				CURRENT_PROJECT_VERSION = 1;
				DEVELOPMENT_TEAM = Q9ARVAPAG3;
				GENERATE_INFOPLIST_FILE = YES;
				IPHONEOS_DEPLOYMENT_TARGET = 18.0;
				MARKETING_VERSION = 1.0;
				PRODUCT_BUNDLE_IDENTIFIER = com.mkg.RookBookIOSAppTests;
				PRODUCT_NAME = "$(TARGET_NAME)";
				SWIFT_EMIT_LOC_STRINGS = NO;
				SWIFT_OPTIMIZATION_LEVEL = "-Onone";
				SWIFT_VERSION = 5.0;
				TARGETED_DEVICE_FAMILY = "1,2";
				TEST_HOST = "$(BUILT_PRODUCTS_DIR)/RookBookIOSApp.app/$(BUNDLE_EXECUTABLE_FOLDER_PATH)/RookBookIOSApp";
			};
			name = Debug;
		};
		55AB71562D1C8BE20028A0F0 /* Release */ = {
			isa = XCBuildConfiguration;
			buildSettings = {
				BUNDLE_LOADER = "$(TEST_HOST)";
				CLANG_ENABLE_MODULES = YES;
				CODE_SIGN_STYLE = Automatic;
				CURRENT_PROJECT_VERSION = 1;
				DEVELOPMENT_TEAM = Q9ARVAPAG3;
				GENERATE_INFOPLIST_FILE = YES;
				IPHONEOS_DEPLOYMENT_TARGET = 18.0;
				MARKETING_VERSION = 1.0;
				PRODUCT_BUNDLE_IDENTIFIER = com.mkg.RookBookIOSAppTests;
				PRODUCT_NAME = "$(TARGET_NAME)";
				SWIFT_EMIT_LOC_STRINGS = NO;
				SWIFT_VERSION = 5.0;
				TARGETED_DEVICE_FAMILY = "1,2";
				TEST_HOST = "$(BUILT_PRODUCTS_DIR)/RookBookIOSApp.app/$(BUNDLE_EXECUTABLE_FOLDER_PATH)/RookBookIOSApp";
			};
			name = Release;
		};
/* End XCBuildConfiguration section */

/* Begin XCConfigurationList section */
		55AB71212D1C8BE00028A0F0 /* Build configuration list for PBXProject "RookBookIOSApp" */ = {
			isa = XCConfigurationList;
			buildConfigurations = (
				55AB71522D1C8BE20028A0F0 /* Debug */,
				55AB71532D1C8BE20028A0F0 /* Release */,
			);
			defaultConfigurationIsVisible = 0;
			defaultConfigurationName = Release;
		};
		55AB714F2D1C8BE20028A0F0 /* Build configuration list for PBXNativeTarget "RookBookIOSApp" */ = {
			isa = XCConfigurationList;
			buildConfigurations = (
				55AB71502D1C8BE20028A0F0 /* Debug */,
				55AB71512D1C8BE20028A0F0 /* Release */,
			);
			defaultConfigurationIsVisible = 0;
			defaultConfigurationName = Release;
		};
		55AB71542D1C8BE20028A0F0 /* Build configuration list for PBXNativeTarget "RookBookIOSAppTests" */ = {
			isa = XCConfigurationList;
			buildConfigurations = (
				55AB71552D1C8BE20028A0F0 /* Debug */,
				55AB71562D1C8BE20028A0F0 /* Release */,
			);
			defaultConfigurationIsVisible = 0;
			defaultConfigurationName = Release;
		};
/* End XCConfigurationList section */

/* Begin XCRemoteSwiftPackageReference section */
		551BF30B2D48063200915E2E /* XCRemoteSwiftPackageReference "IQKeyboardManager" */ = {
			isa = XCRemoteSwiftPackageReference;
			repositoryURL = "https://github.com/hackiftekhar/IQKeyboardManager.git";
			requirement = {
				kind = upToNextMajorVersion;
				minimumVersion = 8.0.0;
			};
		};
/* End XCRemoteSwiftPackageReference section */

/* Begin XCSwiftPackageProductDependency section */
		551BF30C2D48063200915E2E /* IQKeyboardManagerSwift */ = {
			isa = XCSwiftPackageProductDependency;
			package = 551BF30B2D48063200915E2E /* XCRemoteSwiftPackageReference "IQKeyboardManager" */;
			productName = IQKeyboardManagerSwift;
		};
/* End XCSwiftPackageProductDependency section */
	};
	rootObject = 55AB711E2D1C8BE00028A0F0 /* Project object */;
}
